
Microsoft Visual Studio Solution File, Format Version 12.00
# Visual Studio Version 17
VisualStudioVersion = 17.8.34330.188
MinimumVisualStudioVersion = 10.0.40219.1
Project("{FAE04EC0-301F-11D3-BF4B-00C04F79EFBC}") = "GarageTuto", "GarageTuto\GarageTuto.csproj", "{D80EDFE3-FE70-4242-8B5D-A73A65E9D390}"
EndProject
Global
	GlobalSection(SolutionConfigurationPlatforms) = preSolution
		Debug|Any CPU = Debug|Any CPU
		Release|Any CPU = Release|Any CPU
	EndGlobalSection
	GlobalSection(ProjectConfigurationPlatforms) = postSolution
		{D80EDFE3-FE70-4242-8B5D-A73A65E9D390}.Debug|Any CPU.ActiveCfg = Debug|Any CPU
		{D80EDFE3-FE70-4242-8B5D-A73A65E9D390}.Debug|Any CPU.Build.0 = Debug|Any CPU
		{D80EDFE3-FE70-4242-8B5D-A73A65E9D390}.Release|Any CPU.ActiveCfg = Release|Any CPU
		{D80EDFE3-FE70-4242-8B5D-A73A65E9D390}.Release|Any CPU.Build.0 = Release|Any CPU
	EndGlobalSection
	GlobalSection(SolutionProperties) = preSolution
		HideSolutionNode = FALSE
	EndGlobalSection
	GlobalSection(ExtensibilityGlobals) = postSolution
		SolutionGuid = {0B8D58D2-EA37-44E7-9326-6B95D1C5C322}
	EndGlobalSection
EndGlobal
